
Microsoft Visual Studio Solution File, Format Version 12.00
Project("{FAE04EC0-301F-11D3-BF4B-00C04F79EFBC}") = "RulesEnginePOC", "RulesEnginePOC\RulesEnginePOC.csproj", "{C7FC81FD-C832-453E-90FB-FC0BCE8A5BC9}"
EndProject
Project("{FAE04EC0-301F-11D3-BF4B-00C04F79EFBC}") = "RulesEnginePOCWebApi", "RulesEnginePOCWebApi\RulesEnginePOCWebApi.csproj", "{C419371C-3FC9-4E3B-923B-178C3576F0DA}"
EndProject
Project("{FAE04EC0-301F-11D3-BF4B-00C04F79EFBC}") = "RuleEnginePOCPublicContracts", "RuleEnginePOCPublicContracts\RuleEnginePOCPublicContracts.csproj", "{26E01980-465B-4D40-9E6B-4886D506DC22}"
EndProject
Global
	GlobalSection(SolutionConfigurationPlatforms) = preSolution
		Debug|Any CPU = Debug|Any CPU
		Release|Any CPU = Release|Any CPU
	EndGlobalSection
	GlobalSection(ProjectConfigurationPlatforms) = postSolution
		{C7FC81FD-C832-453E-90FB-FC0BCE8A5BC9}.Debug|Any CPU.ActiveCfg = Debug|Any CPU
		{C7FC81FD-C832-453E-90FB-FC0BCE8A5BC9}.Debug|Any CPU.Build.0 = Debug|Any CPU
		{C7FC81FD-C832-453E-90FB-FC0BCE8A5BC9}.Release|Any CPU.ActiveCfg = Release|Any CPU
		{C7FC81FD-C832-453E-90FB-FC0BCE8A5BC9}.Release|Any CPU.Build.0 = Release|Any CPU
		{C419371C-3FC9-4E3B-923B-178C3576F0DA}.Debug|Any CPU.ActiveCfg = Debug|Any CPU
		{C419371C-3FC9-4E3B-923B-178C3576F0DA}.Debug|Any CPU.Build.0 = Debug|Any CPU
		{C419371C-3FC9-4E3B-923B-178C3576F0DA}.Release|Any CPU.ActiveCfg = Release|Any CPU
		{C419371C-3FC9-4E3B-923B-178C3576F0DA}.Release|Any CPU.Build.0 = Release|Any CPU
		{26E01980-465B-4D40-9E6B-4886D506DC22}.Debug|Any CPU.ActiveCfg = Debug|Any CPU
		{26E01980-465B-4D40-9E6B-4886D506DC22}.Debug|Any CPU.Build.0 = Debug|Any CPU
		{26E01980-465B-4D40-9E6B-4886D506DC22}.Release|Any CPU.ActiveCfg = Release|Any CPU
		{26E01980-465B-4D40-9E6B-4886D506DC22}.Release|Any CPU.Build.0 = Release|Any CPU
	EndGlobalSection
EndGlobal
